// !$*UTF8*$!
{
	archiveVersion = 1;
	classes = {
	};
	objectVersion = 50;
	objects = {

/* Begin PBXBuildFile section */
		5E613D3922EAF3B700571BC6 /* AppDelegate.swift in Sources */ = {isa = PBXBuildFile; fileRef = 5E613D3822EAF3B700571BC6 /* AppDelegate.swift */; };
		5E613D3B22EAF3B700571BC6 /* HomeVC.swift in Sources */ = {isa = PBXBuildFile; fileRef = 5E613D3A22EAF3B700571BC6 /* HomeVC.swift */; };
		5E613D3E22EAF3B700571BC6 /* Main.storyboard in Resources */ = {isa = PBXBuildFile; fileRef = 5E613D3C22EAF3B700571BC6 /* Main.storyboard */; };
		5E613D4022EAF3B800571BC6 /* Assets.xcassets in Resources */ = {isa = PBXBuildFile; fileRef = 5E613D3F22EAF3B800571BC6 /* Assets.xcassets */; };
		5E613D4322EAF3B800571BC6 /* LaunchScreen.storyboard in Resources */ = {isa = PBXBuildFile; fileRef = 5E613D4122EAF3B800571BC6 /* LaunchScreen.storyboard */; };
		5E613D4C22EAF42400571BC6 /* Model.swift in Sources */ = {isa = PBXBuildFile; fileRef = 5E613D4B22EAF42400571BC6 /* Model.swift */; };
		5E613D4F22EAF76900571BC6 /* DataService.swift in Sources */ = {isa = PBXBuildFile; fileRef = 5E613D4E22EAF76900571BC6 /* DataService.swift */; };
		5E613D5222EAFC0C00571BC6 /* CategoryMasterVC.swift in Sources */ = {isa = PBXBuildFile; fileRef = 5E613D5122EAFC0C00571BC6 /* CategoryMasterVC.swift */; };
		5E613D5422EAFC4A00571BC6 /* Category.storyboard in Resources */ = {isa = PBXBuildFile; fileRef = 5E613D5322EAFC4A00571BC6 /* Category.storyboard */; };
		5E613D5722EAFE2800571BC6 /* CategoryMasterCollectionViewCell.swift in Sources */ = {isa = PBXBuildFile; fileRef = 5E613D5622EAFE2800571BC6 /* CategoryMasterCollectionViewCell.swift */; };
		5E613D5922EB019200571BC6 /* DetailCategoryVC.swift in Sources */ = {isa = PBXBuildFile; fileRef = 5E613D5822EB019200571BC6 /* DetailCategoryVC.swift */; };
		5E613D5B22EB02A300571BC6 /* CategoryDetailTableViewCell.swift in Sources */ = {isa = PBXBuildFile; fileRef = 5E613D5A22EB02A300571BC6 /* CategoryDetailTableViewCell.swift */; };
/* End PBXBuildFile section */

/* Begin PBXFileReference section */
		5E613D3522EAF3B700571BC6 /* RingTone3.app */ = {isa = PBXFileReference; explicitFileType = wrapper.application; includeInIndex = 0; path = RingTone3.app; sourceTree = BUILT_PRODUCTS_DIR; };
		5E613D3822EAF3B700571BC6 /* AppDelegate.swift */ = {isa = PBXFileReference; lastKnownFileType = sourcecode.swift; path = AppDelegate.swift; sourceTree = "<group>"; };
		5E613D3A22EAF3B700571BC6 /* HomeVC.swift */ = {isa = PBXFileReference; lastKnownFileType = sourcecode.swift; path = HomeVC.swift; sourceTree = "<group>"; };
		5E613D3D22EAF3B700571BC6 /* Base */ = {isa = PBXFileReference; lastKnownFileType = file.storyboard; name = Base; path = Base.lproj/Main.storyboard; sourceTree = "<group>"; };
		5E613D3F22EAF3B800571BC6 /* Assets.xcassets */ = {isa = PBXFileReference; lastKnownFileType = folder.assetcatalog; path = Assets.xcassets; sourceTree = "<group>"; };
		5E613D4222EAF3B800571BC6 /* Base */ = {isa = PBXFileReference; lastKnownFileType = file.storyboard; name = Base; path = Base.lproj/LaunchScreen.storyboard; sourceTree = "<group>"; };
		5E613D4422EAF3B800571BC6 /* Info.plist */ = {isa = PBXFileReference; lastKnownFileType = text.plist.xml; path = Info.plist; sourceTree = "<group>"; };
		5E613D4B22EAF42400571BC6 /* Model.swift */ = {isa = PBXFileReference; lastKnownFileType = sourcecode.swift; path = Model.swift; sourceTree = "<group>"; };
		5E613D4E22EAF76900571BC6 /* DataService.swift */ = {isa = PBXFileReference; lastKnownFileType = sourcecode.swift; path = DataService.swift; sourceTree = "<group>"; };
		5E613D5122EAFC0C00571BC6 /* CategoryMasterVC.swift */ = {isa = PBXFileReference; lastKnownFileType = sourcecode.swift; path = CategoryMasterVC.swift; sourceTree = "<group>"; };
		5E613D5322EAFC4A00571BC6 /* Category.storyboard */ = {isa = PBXFileReference; lastKnownFileType = file.storyboard; path = Category.storyboard; sourceTree = "<group>"; };
		5E613D5622EAFE2800571BC6 /* CategoryMasterCollectionViewCell.swift */ = {isa = PBXFileReference; lastKnownFileType = sourcecode.swift; path = CategoryMasterCollectionViewCell.swift; sourceTree = "<group>"; };
		5E613D5822EB019200571BC6 /* DetailCategoryVC.swift */ = {isa = PBXFileReference; lastKnownFileType = sourcecode.swift; path = DetailCategoryVC.swift; sourceTree = "<group>"; };
		5E613D5A22EB02A300571BC6 /* CategoryDetailTableViewCell.swift */ = {isa = PBXFileReference; lastKnownFileType = sourcecode.swift; path = CategoryDetailTableViewCell.swift; sourceTree = "<group>"; };
/* End PBXFileReference section */

/* Begin PBXFrameworksBuildPhase section */
		5E613D3222EAF3B700571BC6 /* Frameworks */ = {
			isa = PBXFrameworksBuildPhase;
			buildActionMask = 2147483647;
			files = (
			);
			runOnlyForDeploymentPostprocessing = 0;
		};
/* End PBXFrameworksBuildPhase section */

/* Begin PBXGroup section */
		5E613D2C22EAF3B700571BC6 = {
			isa = PBXGroup;
			children = (
				5E613D3722EAF3B700571BC6 /* RingTone3 */,
				5E613D3622EAF3B700571BC6 /* Products */,
			);
			sourceTree = "<group>";
		};
		5E613D3622EAF3B700571BC6 /* Products */ = {
			isa = PBXGroup;
			children = (
				5E613D3522EAF3B700571BC6 /* RingTone3.app */,
			);
			name = Products;
			sourceTree = "<group>";
		};
		5E613D3722EAF3B700571BC6 /* RingTone3 */ = {
			isa = PBXGroup;
			children = (
				5E613D5522EAFE1000571BC6 /* View */,
				5E613D5022EAFB6C00571BC6 /* Controller */,
				5E613D4A22EAF41700571BC6 /* Model */,
				5E613D3822EAF3B700571BC6 /* AppDelegate.swift */,
				5E613D3A22EAF3B700571BC6 /* HomeVC.swift */,
				5E613D3C22EAF3B700571BC6 /* Main.storyboard */,
				5E613D5322EAFC4A00571BC6 /* Category.storyboard */,
				5E613D3F22EAF3B800571BC6 /* Assets.xcassets */,
				5E613D4122EAF3B800571BC6 /* LaunchScreen.storyboard */,
				5E613D4422EAF3B800571BC6 /* Info.plist */,
			);
			path = RingTone3;
			sourceTree = "<group>";
		};
		5E613D4A22EAF41700571BC6 /* Model */ = {
			isa = PBXGroup;
			children = (
				5E613D4D22EAF75500571BC6 /* NetWork */,
				5E613D4B22EAF42400571BC6 /* Model.swift */,
			);
			path = Model;
			sourceTree = "<group>";
		};
		5E613D4D22EAF75500571BC6 /* NetWork */ = {
			isa = PBXGroup;
			children = (
				5E613D4E22EAF76900571BC6 /* DataService.swift */,
			);
			path = NetWork;
			sourceTree = "<group>";
		};
		5E613D5022EAFB6C00571BC6 /* Controller */ = {
			isa = PBXGroup;
			children = (
				5E613D5122EAFC0C00571BC6 /* CategoryMasterVC.swift */,
				5E613D5822EB019200571BC6 /* DetailCategoryVC.swift */,
			);
			path = Controller;
			sourceTree = "<group>";
		};
		5E613D5522EAFE1000571BC6 /* View */ = {
			isa = PBXGroup;
			children = (
				5E613D5622EAFE2800571BC6 /* CategoryMasterCollectionViewCell.swift */,
				5E613D5A22EB02A300571BC6 /* CategoryDetailTableViewCell.swift */,
			);
			path = View;
			sourceTree = "<group>";
		};
/* End PBXGroup section */

/* Begin PBXNativeTarget section */
		5E613D3422EAF3B700571BC6 /* RingTone3 */ = {
			isa = PBXNativeTarget;
			buildConfigurationList = 5E613D4722EAF3B800571BC6 /* Build configuration list for PBXNativeTarget "RingTone3" */;
			buildPhases = (
				5E613D3122EAF3B700571BC6 /* Sources */,
				5E613D3222EAF3B700571BC6 /* Frameworks */,
				5E613D3322EAF3B700571BC6 /* Resources */,
			);
			buildRules = (
			);
			dependencies = (
			);
			name = RingTone3;
			productName = RingTone3;
			productReference = 5E613D3522EAF3B700571BC6 /* RingTone3.app */;
			productType = "com.apple.product-type.application";
		};
/* End PBXNativeTarget section */

/* Begin PBXProject section */
		5E613D2D22EAF3B700571BC6 /* Project object */ = {
			isa = PBXProject;
			attributes = {
				LastSwiftUpdateCheck = 1000;
				LastUpgradeCheck = 1000;
				ORGANIZATIONNAME = Cuong;
				TargetAttributes = {
					5E613D3422EAF3B700571BC6 = {
						CreatedOnToolsVersion = 10.0;
					};
				};
			};
			buildConfigurationList = 5E613D3022EAF3B700571BC6 /* Build configuration list for PBXProject "RingTone3" */;
			compatibilityVersion = "Xcode 9.3";
			developmentRegion = en;
			hasScannedForEncodings = 0;
			knownRegions = (
				en,
				Base,
			);
			mainGroup = 5E613D2C22EAF3B700571BC6;
			productRefGroup = 5E613D3622EAF3B700571BC6 /* Products */;
			projectDirPath = "";
			projectRoot = "";
			targets = (
				5E613D3422EAF3B700571BC6 /* RingTone3 */,
			);
		};
/* End PBXProject section */

/* Begin PBXResourcesBuildPhase section */
		5E613D3322EAF3B700571BC6 /* Resources */ = {
			isa = PBXResourcesBuildPhase;
			buildActionMask = 2147483647;
			files = (
				5E613D5422EAFC4A00571BC6 /* Category.storyboard in Resources */,
				5E613D4322EAF3B800571BC6 /* LaunchScreen.storyboard in Resources */,
				5E613D4022EAF3B800571BC6 /* Assets.xcassets in Resources */,
				5E613D3E22EAF3B700571BC6 /* Main.storyboard in Resources */,
			);
			runOnlyForDeploymentPostprocessing = 0;
		};
/* End PBXResourcesBuildPhase section */

/* Begin PBXSourcesBuildPhase section */
		5E613D3122EAF3B700571BC6 /* Sources */ = {
			isa = PBXSourcesBuildPhase;
			buildActionMask = 2147483647;
			files = (
				5E613D5B22EB02A300571BC6 /* CategoryDetailTableViewCell.swift in Sources */,
				5E613D5722EAFE2800571BC6 /* CategoryMasterCollectionViewCell.swift in Sources */,
				5E613D5222EAFC0C00571BC6 /* CategoryMasterVC.swift in Sources */,
				5E613D4C22EAF42400571BC6 /* Model.swift in Sources */,
				5E613D3B22EAF3B700571BC6 /* HomeVC.swift in Sources */,
				5E613D3922EAF3B700571BC6 /* AppDelegate.swift in Sources */,
				5E613D5922EB019200571BC6 /* DetailCategoryVC.swift in Sources */,
				5E613D4F22EAF76900571BC6 /* DataService.swift in Sources */,
			);
			runOnlyForDeploymentPostprocessing = 0;
		};
/* End PBXSourcesBuildPhase section */

/* Begin PBXVariantGroup section */
		5E613D3C22EAF3B700571BC6 /* Main.storyboard */ = {
			isa = PBXVariantGroup;
			children = (
				5E613D3D22EAF3B700571BC6 /* Base */,
			);
			name = Main.storyboard;
			sourceTree = "<group>";
		};
		5E613D4122EAF3B800571BC6 /* LaunchScreen.storyboard */ = {
			isa = PBXVariantGroup;
			children = (
				5E613D4222EAF3B800571BC6 /* Base */,
			);
			name = LaunchScreen.storyboard;
			sourceTree = "<group>";
		};
/* End PBXVariantGroup section */

/* Begin XCBuildConfiguration section */
		5E613D4522EAF3B800571BC6 /* Debug */ = {
			isa = XCBuildConfiguration;
			buildSettings = {
				ALWAYS_SEARCH_USER_PATHS = NO;
				CLANG_ANALYZER_NONNULL = YES;
				CLANG_ANALYZER_NUMBER_OBJECT_CONVERSION = YES_AGGRESSIVE;
				CLANG_CXX_LANGUAGE_STANDARD = "gnu++14";
				CLANG_CXX_LIBRARY = "libc++";
				CLANG_ENABLE_MODULES = YES;
				CLANG_ENABLE_OBJC_ARC = YES;
				CLANG_ENABLE_OBJC_WEAK = YES;
				CLANG_WARN_BLOCK_CAPTURE_AUTORELEASING = YES;
				CLANG_WARN_BOOL_CONVERSION = YES;
				CLANG_WARN_COMMA = YES;
				CLANG_WARN_CONSTANT_CONVERSION = YES;
				CLANG_WARN_DEPRECATED_OBJC_IMPLEMENTATIONS = YES;
				CLANG_WARN_DIRECT_OBJC_ISA_USAGE = YES_ERROR;
				CLANG_WARN_DOCUMENTATION_COMMENTS = YES;
				CLANG_WARN_EMPTY_BODY = YES;
				CLANG_WARN_ENUM_CONVERSION = YES;
				CLANG_WARN_INFINITE_RECURSION = YES;
				CLANG_WARN_INT_CONVERSION = YES;
				CLANG_WARN_NON_LITERAL_NULL_CONVERSION = YES;
				CLANG_WARN_OBJC_IMPLICIT_RETAIN_SELF = YES;
				CLANG_WARN_OBJC_LITERAL_CONVERSION = YES;
				CLANG_WARN_OBJC_ROOT_CLASS = YES_ERROR;
				CLANG_WARN_RANGE_LOOP_ANALYSIS = YES;
				CLANG_WARN_STRICT_PROTOTYPES = YES;
				CLANG_WARN_SUSPICIOUS_MOVE = YES;
				CLANG_WARN_UNGUARDED_AVAILABILITY = YES_AGGRESSIVE;
				CLANG_WARN_UNREACHABLE_CODE = YES;
				CLANG_WARN__DUPLICATE_METHOD_MATCH = YES;
				CODE_SIGN_IDENTITY = "iPhone Developer";
				COPY_PHASE_STRIP = NO;
				DEBUG_INFORMATION_FORMAT = dwarf;
				ENABLE_STRICT_OBJC_MSGSEND = YES;
				ENABLE_TESTABILITY = YES;
				GCC_C_LANGUAGE_STANDARD = gnu11;
				GCC_DYNAMIC_NO_PIC = NO;
				GCC_NO_COMMON_BLOCKS = YES;
				GCC_OPTIMIZATION_LEVEL = 0;
				GCC_PREPROCESSOR_DEFINITIONS = (
					"DEBUG=1",
					"$(inherited)",
				);
				GCC_WARN_64_TO_32_BIT_CONVERSION = YES;
				GCC_WARN_ABOUT_RETURN_TYPE = YES_ERROR;
				GCC_WARN_UNDECLARED_SELECTOR = YES;
				GCC_WARN_UNINITIALIZED_AUTOS = YES_AGGRESSIVE;
				GCC_WARN_UNUSED_FUNCTION = YES;
				GCC_WARN_UNUSED_VARIABLE = YES;
				IPHONEOS_DEPLOYMENT_TARGET = 12.0;
				MTL_ENABLE_DEBUG_INFO = INCLUDE_SOURCE;
				MTL_FAST_MATH = YES;
				ONLY_ACTIVE_ARCH = YES;
				SDKROOT = iphoneos;
				SWIFT_ACTIVE_COMPILATION_CONDITIONS = DEBUG;
				SWIFT_OPTIMIZATION_LEVEL = "-Onone";
			};
			name = Debug;
		};
		5E613D4622EAF3B800571BC6 /* Release */ = {
			isa = XCBuildConfiguration;
			buildSettings = {
				ALWAYS_SEARCH_USER_PATHS = NO;
				CLANG_ANALYZER_NONNULL = YES;
				CLANG_ANALYZER_NUMBER_OBJECT_CONVERSION = YES_AGGRESSIVE;
				CLANG_CXX_LANGUAGE_STANDARD = "gnu++14";
				CLANG_CXX_LIBRARY = "libc++";
				CLANG_ENABLE_MODULES = YES;
				CLANG_ENABLE_OBJC_ARC = YES;
				CLANG_ENABLE_OBJC_WEAK = YES;
				CLANG_WARN_BLOCK_CAPTURE_AUTORELEASING = YES;
				CLANG_WARN_BOOL_CONVERSION = YES;
				CLANG_WARN_COMMA = YES;
				CLANG_WARN_CONSTANT_CONVERSION = YES;
				CLANG_WARN_DEPRECATED_OBJC_IMPLEMENTATIONS = YES;
				CLANG_WARN_DIRECT_OBJC_ISA_USAGE = YES_ERROR;
				CLANG_WARN_DOCUMENTATION_COMMENTS = YES;
				CLANG_WARN_EMPTY_BODY = YES;
				CLANG_WARN_ENUM_CONVERSION = YES;
				CLANG_WARN_INFINITE_RECURSION = YES;
				CLANG_WARN_INT_CONVERSION = YES;
				CLANG_WARN_NON_LITERAL_NULL_CONVERSION = YES;
				CLANG_WARN_OBJC_IMPLICIT_RETAIN_SELF = YES;
				CLANG_WARN_OBJC_LITERAL_CONVERSION = YES;
				CLANG_WARN_OBJC_ROOT_CLASS = YES_ERROR;
				CLANG_WARN_RANGE_LOOP_ANALYSIS = YES;
				CLANG_WARN_STRICT_PROTOTYPES = YES;
				CLANG_WARN_SUSPICIOUS_MOVE = YES;
				CLANG_WARN_UNGUARDED_AVAILABILITY = YES_AGGRESSIVE;
				CLANG_WARN_UNREACHABLE_CODE = YES;
				CLANG_WARN__DUPLICATE_METHOD_MATCH = YES;
				CODE_SIGN_IDENTITY = "iPhone Developer";
				COPY_PHASE_STRIP = NO;
				DEBUG_INFORMATION_FORMAT = "dwarf-with-dsym";
				ENABLE_NS_ASSERTIONS = NO;
				ENABLE_STRICT_OBJC_MSGSEND = YES;
				GCC_C_LANGUAGE_STANDARD = gnu11;
				GCC_NO_COMMON_BLOCKS = YES;
				GCC_WARN_64_TO_32_BIT_CONVERSION = YES;
				GCC_WARN_ABOUT_RETURN_TYPE = YES_ERROR;
				GCC_WARN_UNDECLARED_SELECTOR = YES;
				GCC_WARN_UNINITIALIZED_AUTOS = YES_AGGRESSIVE;
				GCC_WARN_UNUSED_FUNCTION = YES;
				GCC_WARN_UNUSED_VARIABLE = YES;
				IPHONEOS_DEPLOYMENT_TARGET = 12.0;
				MTL_ENABLE_DEBUG_INFO = NO;
				MTL_FAST_MATH = YES;
				SDKROOT = iphoneos;
				SWIFT_COMPILATION_MODE = wholemodule;
				SWIFT_OPTIMIZATION_LEVEL = "-O";
				VALIDATE_PRODUCT = YES;
			};
			name = Release;
		};
		5E613D4822EAF3B800571BC6 /* Debug */ = {
			isa = XCBuildConfiguration;
			buildSettings = {
				ASSETCATALOG_COMPILER_APPICON_NAME = AppIcon;
				CODE_SIGN_STYLE = Automatic;
				INFOPLIST_FILE = RingTone3/Info.plist;
				LD_RUNPATH_SEARCH_PATHS = (
					"$(inherited)",
					"@executable_path/Frameworks",
				);
				PRODUCT_BUNDLE_IDENTIFIER = Cuong.RingTone3;
				PRODUCT_NAME = "$(TARGET_NAME)";
				SWIFT_VERSION = 4.2;
				TARGETED_DEVICE_FAMILY = "1,2";
			};
			name = Debug;
		};
		5E613D4922EAF3B800571BC6 /* Release */ = {
			isa = XCBuildConfiguration;
			buildSettings = {
				ASSETCATALOG_COMPILER_APPICON_NAME = AppIcon;
				CODE_SIGN_STYLE = Automatic;
				INFOPLIST_FILE = RingTone3/Info.plist;
				LD_RUNPATH_SEARCH_PATHS = (
					"$(inherited)",
					"@executable_path/Frameworks",
				);
				PRODUCT_BUNDLE_IDENTIFIER = Cuong.RingTone3;
				PRODUCT_NAME = "$(TARGET_NAME)";
				SWIFT_VERSION = 4.2;
				TARGETED_DEVICE_FAMILY = "1,2";
			};
			name = Release;
		};
/* End XCBuildConfiguration section */

/* Begin XCConfigurationList section */
		5E613D3022EAF3B700571BC6 /* Build configuration list for PBXProject "RingTone3" */ = {
			isa = XCConfigurationList;
			buildConfigurations = (
				5E613D4522EAF3B800571BC6 /* Debug */,
				5E613D4622EAF3B800571BC6 /* Release */,
			);
			defaultConfigurationIsVisible = 0;
			defaultConfigurationName = Release;
		};
		5E613D4722EAF3B800571BC6 /* Build configuration list for PBXNativeTarget "RingTone3" */ = {
			isa = XCConfigurationList;
			buildConfigurations = (
				5E613D4822EAF3B800571BC6 /* Debug */,
				5E613D4922EAF3B800571BC6 /* Release */,
			);
			defaultConfigurationIsVisible = 0;
			defaultConfigurationName = Release;
		};
/* End XCConfigurationList section */
	};
	rootObject = 5E613D2D22EAF3B700571BC6 /* Project object */;
}
